// !$*UTF8*$!
{
	archiveVersion = 1;
	classes = {
	};
	objectVersion = 46;
	objects = {

/* Begin PBXBuildFile section */
		35B4F70C1CB3E1EA009535F8 /* main.m in Sources */ = {isa = PBXBuildFile; fileRef = 35B4F70B1CB3E1EA009535F8 /* main.m */; };
		35B4F70F1CB3E1EA009535F8 /* AppDelegate.m in Sources */ = {isa = PBXBuildFile; fileRef = 35B4F70E1CB3E1EA009535F8 /* AppDelegate.m */; };
		35B4F7121CB3E1EA009535F8 /* ViewController.m in Sources */ = {isa = PBXBuildFile; fileRef = 35B4F7111CB3E1EA009535F8 /* ViewController.m */; };
		35B4F7151CB3E1EA009535F8 /* Main.storyboard in Resources */ = {isa = PBXBuildFile; fileRef = 35B4F7131CB3E1EA009535F8 /* Main.storyboard */; };
		35B4F7171CB3E1EA009535F8 /* Assets.xcassets in Resources */ = {isa = PBXBuildFile; fileRef = 35B4F7161CB3E1EA009535F8 /* Assets.xcassets */; };
		35B4F71A1CB3E1EA009535F8 /* LaunchScreen.storyboard in Resources */ = {isa = PBXBuildFile; fileRef = 35B4F7181CB3E1EA009535F8 /* LaunchScreen.storyboard */; };
		35B4F7241CB3E653009535F8 /* CCPerson.m in Sources */ = {isa = PBXBuildFile; fileRef = 35B4F7231CB3E653009535F8 /* CCPerson.m */; };
		35B4F7271CB3F548009535F8 /* UIImage+Extension.m in Sources */ = {isa = PBXBuildFile; fileRef = 35B4F7261CB3F548009535F8 /* UIImage+Extension.m */; };
		35B4F7391CB41519009535F8 /* NSMutableArray+Extension.m in Sources */ = {isa = PBXBuildFile; fileRef = 35B4F7381CB41519009535F8 /* NSMutableArray+Extension.m */; };
		35B4F73C1CB42FDC009535F8 /* NSArray+Extension.m in Sources */ = {isa = PBXBuildFile; fileRef = 35B4F73B1CB42FDC009535F8 /* NSArray+Extension.m */; };
/* End PBXBuildFile section */

/* Begin PBXFileReference section */
		35B4F7071CB3E1EA009535F8 /* runtime.app */ = {isa = PBXFileReference; explicitFileType = wrapper.application; includeInIndex = 0; path = runtime.app; sourceTree = BUILT_PRODUCTS_DIR; };
		35B4F70B1CB3E1EA009535F8 /* main.m */ = {isa = PBXFileReference; lastKnownFileType = sourcecode.c.objc; path = main.m; sourceTree = "<group>"; };
		35B4F70D1CB3E1EA009535F8 /* AppDelegate.h */ = {isa = PBXFileReference; lastKnownFileType = sourcecode.c.h; path = AppDelegate.h; sourceTree = "<group>"; };
		35B4F70E1CB3E1EA009535F8 /* AppDelegate.m */ = {isa = PBXFileReference; lastKnownFileType = sourcecode.c.objc; path = AppDelegate.m; sourceTree = "<group>"; };
		35B4F7101CB3E1EA009535F8 /* ViewController.h */ = {isa = PBXFileReference; lastKnownFileType = sourcecode.c.h; path = ViewController.h; sourceTree = "<group>"; };
		35B4F7111CB3E1EA009535F8 /* ViewController.m */ = {isa = PBXFileReference; lastKnownFileType = sourcecode.c.objc; path = ViewController.m; sourceTree = "<group>"; };
		35B4F7141CB3E1EA009535F8 /* Base */ = {isa = PBXFileReference; lastKnownFileType = file.storyboard; name = Base; path = Base.lproj/Main.storyboard; sourceTree = "<group>"; };
		35B4F7161CB3E1EA009535F8 /* Assets.xcassets */ = {isa = PBXFileReference; lastKnownFileType = folder.assetcatalog; path = Assets.xcassets; sourceTree = "<group>"; };
		35B4F7191CB3E1EA009535F8 /* Base */ = {isa = PBXFileReference; lastKnownFileType = file.storyboard; name = Base; path = Base.lproj/LaunchScreen.storyboard; sourceTree = "<group>"; };
		35B4F71B1CB3E1EA009535F8 /* Info.plist */ = {isa = PBXFileReference; lastKnownFileType = text.plist.xml; path = Info.plist; sourceTree = "<group>"; };
		35B4F7211CB3E4A2009535F8 /* runtime.h */ = {isa = PBXFileReference; lastKnownFileType = sourcecode.c.h; path = runtime.h; sourceTree = "<group>"; };
		35B4F7221CB3E653009535F8 /* CCPerson.h */ = {isa = PBXFileReference; fileEncoding = 4; lastKnownFileType = sourcecode.c.h; path = CCPerson.h; sourceTree = "<group>"; };
		35B4F7231CB3E653009535F8 /* CCPerson.m */ = {isa = PBXFileReference; fileEncoding = 4; lastKnownFileType = sourcecode.c.objc; path = CCPerson.m; sourceTree = "<group>"; };
		35B4F7251CB3F548009535F8 /* UIImage+Extension.h */ = {isa = PBXFileReference; fileEncoding = 4; lastKnownFileType = sourcecode.c.h; path = "UIImage+Extension.h"; sourceTree = "<group>"; };
		35B4F7261CB3F548009535F8 /* UIImage+Extension.m */ = {isa = PBXFileReference; fileEncoding = 4; lastKnownFileType = sourcecode.c.objc; path = "UIImage+Extension.m"; sourceTree = "<group>"; };
		35B4F7371CB41519009535F8 /* NSMutableArray+Extension.h */ = {isa = PBXFileReference; fileEncoding = 4; lastKnownFileType = sourcecode.c.h; path = "NSMutableArray+Extension.h"; sourceTree = "<group>"; };
		35B4F7381CB41519009535F8 /* NSMutableArray+Extension.m */ = {isa = PBXFileReference; fileEncoding = 4; lastKnownFileType = sourcecode.c.objc; path = "NSMutableArray+Extension.m"; sourceTree = "<group>"; };
		35B4F73A1CB42FDC009535F8 /* NSArray+Extension.h */ = {isa = PBXFileReference; fileEncoding = 4; lastKnownFileType = sourcecode.c.h; path = "NSArray+Extension.h"; sourceTree = "<group>"; };
		35B4F73B1CB42FDC009535F8 /* NSArray+Extension.m */ = {isa = PBXFileReference; fileEncoding = 4; lastKnownFileType = sourcecode.c.objc; path = "NSArray+Extension.m"; sourceTree = "<group>"; };
/* End PBXFileReference section */

/* Begin PBXFrameworksBuildPhase section */
		35B4F7041CB3E1EA009535F8 /* Frameworks */ = {
			isa = PBXFrameworksBuildPhase;
			buildActionMask = 2147483647;
			files = (
			);
			runOnlyForDeploymentPostprocessing = 0;
		};
/* End PBXFrameworksBuildPhase section */

/* Begin PBXGroup section */
		35B4F6FE1CB3E1EA009535F8 = {
			isa = PBXGroup;
			children = (
				35B4F7091CB3E1EA009535F8 /* runtime */,
				35B4F7081CB3E1EA009535F8 /* Products */,
			);
			sourceTree = "<group>";
		};
		35B4F7081CB3E1EA009535F8 /* Products */ = {
			isa = PBXGroup;
			children = (
				35B4F7071CB3E1EA009535F8 /* runtime.app */,
			);
			name = Products;
			sourceTree = "<group>";
		};
		35B4F7091CB3E1EA009535F8 /* runtime */ = {
			isa = PBXGroup;
			children = (
				35B4F70D1CB3E1EA009535F8 /* AppDelegate.h */,
				35B4F70E1CB3E1EA009535F8 /* AppDelegate.m */,
				35B4F7211CB3E4A2009535F8 /* runtime.h */,
				35B4F7101CB3E1EA009535F8 /* ViewController.h */,
				35B4F7111CB3E1EA009535F8 /* ViewController.m */,
				35B4F7221CB3E653009535F8 /* CCPerson.h */,
				35B4F7231CB3E653009535F8 /* CCPerson.m */,
				35B4F7251CB3F548009535F8 /* UIImage+Extension.h */,
				35B4F7261CB3F548009535F8 /* UIImage+Extension.m */,
				35B4F7371CB41519009535F8 /* NSMutableArray+Extension.h */,
				35B4F7381CB41519009535F8 /* NSMutableArray+Extension.m */,
				35B4F73A1CB42FDC009535F8 /* NSArray+Extension.h */,
				35B4F73B1CB42FDC009535F8 /* NSArray+Extension.m */,
				35B4F7131CB3E1EA009535F8 /* Main.storyboard */,
				35B4F7161CB3E1EA009535F8 /* Assets.xcassets */,
				35B4F7181CB3E1EA009535F8 /* LaunchScreen.storyboard */,
				35B4F71B1CB3E1EA009535F8 /* Info.plist */,
				35B4F70A1CB3E1EA009535F8 /* Supporting Files */,
			);
			path = runtime;
			sourceTree = "<group>";
		};
		35B4F70A1CB3E1EA009535F8 /* Supporting Files */ = {
			isa = PBXGroup;
			children = (
				35B4F70B1CB3E1EA009535F8 /* main.m */,
			);
			name = "Supporting Files";
			sourceTree = "<group>";
		};
/* End PBXGroup section */

/* Begin PBXNativeTarget section */
		35B4F7061CB3E1EA009535F8 /* runtime */ = {
			isa = PBXNativeTarget;
			buildConfigurationList = 35B4F71E1CB3E1EA009535F8 /* Build configuration list for PBXNativeTarget "runtime" */;
			buildPhases = (
				35B4F7031CB3E1EA009535F8 /* Sources */,
				35B4F7041CB3E1EA009535F8 /* Frameworks */,
				35B4F7051CB3E1EA009535F8 /* Resources */,
			);
			buildRules = (
			);
			dependencies = (
			);
			name = runtime;
			productName = runtime;
			productReference = 35B4F7071CB3E1EA009535F8 /* runtime.app */;
			productType = "com.apple.product-type.application";
		};
/* End PBXNativeTarget section */

/* Begin PBXProject section */
		35B4F6FF1CB3E1EA009535F8 /* Project object */ = {
			isa = PBXProject;
			attributes = {
				LastUpgradeCheck = 0730;
				ORGANIZATIONNAME = "陈诚";
				TargetAttributes = {
					35B4F7061CB3E1EA009535F8 = {
						CreatedOnToolsVersion = 7.3;
					};
				};
			};
			buildConfigurationList = 35B4F7021CB3E1EA009535F8 /* Build configuration list for PBXProject "runtime" */;
			compatibilityVersion = "Xcode 3.2";
			developmentRegion = English;
			hasScannedForEncodings = 0;
			knownRegions = (
				en,
				Base,
			);
			mainGroup = 35B4F6FE1CB3E1EA009535F8;
			productRefGroup = 35B4F7081CB3E1EA009535F8 /* Products */;
			projectDirPath = "";
			projectRoot = "";
			targets = (
				35B4F7061CB3E1EA009535F8 /* runtime */,
			);
		};
/* End PBXProject section */

/* Begin PBXResourcesBuildPhase section */
		35B4F7051CB3E1EA009535F8 /* Resources */ = {
			isa = PBXResourcesBuildPhase;
			buildActionMask = 2147483647;
			files = (
				35B4F71A1CB3E1EA009535F8 /* LaunchScreen.storyboard in Resources */,
				35B4F7171CB3E1EA009535F8 /* Assets.xcassets in Resources */,
				35B4F7151CB3E1EA009535F8 /* Main.storyboard in Resources */,
			);
			runOnlyForDeploymentPostprocessing = 0;
		};
/* End PBXResourcesBuildPhase section */

/* Begin PBXSourcesBuildPhase section */
		35B4F7031CB3E1EA009535F8 /* Sources */ = {
			isa = PBXSourcesBuildPhase;
			buildActionMask = 2147483647;
			files = (
				35B4F7271CB3F548009535F8 /* UIImage+Extension.m in Sources */,
				35B4F7391CB41519009535F8 /* NSMutableArray+Extension.m in Sources */,
				35B4F7121CB3E1EA009535F8 /* ViewController.m in Sources */,
				35B4F70F1CB3E1EA009535F8 /* AppDelegate.m in Sources */,
				35B4F7241CB3E653009535F8 /* CCPerson.m in Sources */,
				35B4F70C1CB3E1EA009535F8 /* main.m in Sources */,
				35B4F73C1CB42FDC009535F8 /* NSArray+Extension.m in Sources */,
			);
			runOnlyForDeploymentPostprocessing = 0;
		};
/* End PBXSourcesBuildPhase section */

/* Begin PBXVariantGroup section */
		35B4F7131CB3E1EA009535F8 /* Main.storyboard */ = {
			isa = PBXVariantGroup;
			children = (
				35B4F7141CB3E1EA009535F8 /* Base */,
			);
			name = Main.storyboard;
			sourceTree = "<group>";
		};
		35B4F7181CB3E1EA009535F8 /* LaunchScreen.storyboard */ = {
			isa = PBXVariantGroup;
			children = (
				35B4F7191CB3E1EA009535F8 /* Base */,
			);
			name = LaunchScreen.storyboard;
			sourceTree = "<group>";
		};
/* End PBXVariantGroup section */

/* Begin XCBuildConfiguration section */
		35B4F71C1CB3E1EA009535F8 /* Debug */ = {
			isa = XCBuildConfiguration;
			buildSettings = {
				ALWAYS_SEARCH_USER_PATHS = NO;
				CLANG_ANALYZER_NONNULL = YES;
				CLANG_CXX_LANGUAGE_STANDARD = "gnu++0x";
				CLANG_CXX_LIBRARY = "libc++";
				CLANG_ENABLE_MODULES = YES;
				CLANG_ENABLE_OBJC_ARC = YES;
				CLANG_WARN_BOOL_CONVERSION = YES;
				CLANG_WARN_CONSTANT_CONVERSION = YES;
				CLANG_WARN_DIRECT_OBJC_ISA_USAGE = YES_ERROR;
				CLANG_WARN_EMPTY_BODY = YES;
				CLANG_WARN_ENUM_CONVERSION = YES;
				CLANG_WARN_INT_CONVERSION = YES;
				CLANG_WARN_OBJC_ROOT_CLASS = YES_ERROR;
				CLANG_WARN_UNREACHABLE_CODE = YES;
				CLANG_WARN__DUPLICATE_METHOD_MATCH = YES;
				"CODE_SIGN_IDENTITY[sdk=iphoneos*]" = "iPhone Developer";
				COPY_PHASE_STRIP = NO;
				DEBUG_INFORMATION_FORMAT = dwarf;
				ENABLE_STRICT_OBJC_MSGSEND = YES;
				ENABLE_TESTABILITY = YES;
				GCC_C_LANGUAGE_STANDARD = gnu99;
				GCC_DYNAMIC_NO_PIC = NO;
				GCC_NO_COMMON_BLOCKS = YES;
				GCC_OPTIMIZATION_LEVEL = 0;
				GCC_PREPROCESSOR_DEFINITIONS = (
					"DEBUG=1",
					"$(inherited)",
				);
				GCC_WARN_64_TO_32_BIT_CONVERSION = YES;
				GCC_WARN_ABOUT_RETURN_TYPE = YES_ERROR;
				GCC_WARN_UNDECLARED_SELECTOR = YES;
				GCC_WARN_UNINITIALIZED_AUTOS = YES_AGGRESSIVE;
				GCC_WARN_UNUSED_FUNCTION = YES;
				GCC_WARN_UNUSED_VARIABLE = YES;
				IPHONEOS_DEPLOYMENT_TARGET = 9.3;
				MTL_ENABLE_DEBUG_INFO = YES;
				ONLY_ACTIVE_ARCH = YES;
				SDKROOT = iphoneos;
				TARGETED_DEVICE_FAMILY = "1,2";
			};
			name = Debug;
		};
		35B4F71D1CB3E1EA009535F8 /* Release */ = {
			isa = XCBuildConfiguration;
			buildSettings = {
				ALWAYS_SEARCH_USER_PATHS = NO;
				CLANG_ANALYZER_NONNULL = YES;
				CLANG_CXX_LANGUAGE_STANDARD = "gnu++0x";
				CLANG_CXX_LIBRARY = "libc++";
				CLANG_ENABLE_MODULES = YES;
				CLANG_ENABLE_OBJC_ARC = YES;
				CLANG_WARN_BOOL_CONVERSION = YES;
				CLANG_WARN_CONSTANT_CONVERSION = YES;
				CLANG_WARN_DIRECT_OBJC_ISA_USAGE = YES_ERROR;
				CLANG_WARN_EMPTY_BODY = YES;
				CLANG_WARN_ENUM_CONVERSION = YES;
				CLANG_WARN_INT_CONVERSION = YES;
				CLANG_WARN_OBJC_ROOT_CLASS = YES_ERROR;
				CLANG_WARN_UNREACHABLE_CODE = YES;
				CLANG_WARN__DUPLICATE_METHOD_MATCH = YES;
				"CODE_SIGN_IDENTITY[sdk=iphoneos*]" = "iPhone Developer";
				COPY_PHASE_STRIP = NO;
				DEBUG_INFORMATION_FORMAT = "dwarf-with-dsym";
				ENABLE_NS_ASSERTIONS = NO;
				ENABLE_STRICT_OBJC_MSGSEND = YES;
				GCC_C_LANGUAGE_STANDARD = gnu99;
				GCC_NO_COMMON_BLOCKS = YES;
				GCC_WARN_64_TO_32_BIT_CONVERSION = YES;
				GCC_WARN_ABOUT_RETURN_TYPE = YES_ERROR;
				GCC_WARN_UNDECLARED_SELECTOR = YES;
				GCC_WARN_UNINITIALIZED_AUTOS = YES_AGGRESSIVE;
				GCC_WARN_UNUSED_FUNCTION = YES;
				GCC_WARN_UNUSED_VARIABLE = YES;
				IPHONEOS_DEPLOYMENT_TARGET = 9.3;
				MTL_ENABLE_DEBUG_INFO = NO;
				SDKROOT = iphoneos;
				TARGETED_DEVICE_FAMILY = "1,2";
				VALIDATE_PRODUCT = YES;
			};
			name = Release;
		};
		35B4F71F1CB3E1EA009535F8 /* Debug */ = {
			isa = XCBuildConfiguration;
			buildSettings = {
				ASSETCATALOG_COMPILER_APPICON_NAME = AppIcon;
				INFOPLIST_FILE = runtime/Info.plist;
				LD_RUNPATH_SEARCH_PATHS = "$(inherited) @executable_path/Frameworks";
				PRODUCT_BUNDLE_IDENTIFIER = cc.runtime;
				PRODUCT_NAME = "$(TARGET_NAME)";
			};
			name = Debug;
		};
		35B4F7201CB3E1EA009535F8 /* Release */ = {
			isa = XCBuildConfiguration;
			buildSettings = {
				ASSETCATALOG_COMPILER_APPICON_NAME = AppIcon;
				INFOPLIST_FILE = runtime/Info.plist;
				LD_RUNPATH_SEARCH_PATHS = "$(inherited) @executable_path/Frameworks";
				PRODUCT_BUNDLE_IDENTIFIER = cc.runtime;
				PRODUCT_NAME = "$(TARGET_NAME)";
			};
			name = Release;
		};
/* End XCBuildConfiguration section */

/* Begin XCConfigurationList section */
		35B4F7021CB3E1EA009535F8 /* Build configuration list for PBXProject "runtime" */ = {
			isa = XCConfigurationList;
			buildConfigurations = (
				35B4F71C1CB3E1EA009535F8 /* Debug */,
				35B4F71D1CB3E1EA009535F8 /* Release */,
			);
			defaultConfigurationIsVisible = 0;
			defaultConfigurationName = Release;
		};
		35B4F71E1CB3E1EA009535F8 /* Build configuration list for PBXNativeTarget "runtime" */ = {
			isa = XCConfigurationList;
			buildConfigurations = (
				35B4F71F1CB3E1EA009535F8 /* Debug */,
				35B4F7201CB3E1EA009535F8 /* Release */,
			);
			defaultConfigurationIsVisible = 0;
		};
/* End XCConfigurationList section */
	};
	rootObject = 35B4F6FF1CB3E1EA009535F8 /* Project object */;
}
